
Microsoft Visual Studio Solution File, Format Version 12.00
# Visual Studio 14
VisualStudioVersion = 14.0.25420.1
MinimumVisualStudioVersion = 10.0.40219.1
Project("{FAE04EC0-301F-11D3-BF4B-00C04F79EFBC}") = "AjaxMVC", "AjaxMVC\AjaxMVC.csproj", "{785A2790-1736-4762-BF3F-CD187640DB5D}"
EndProject
Project("{FAE04EC0-301F-11D3-BF4B-00C04F79EFBC}") = "RepsitoryMVC", "RepsitoryMVC\RepsitoryMVC.csproj", "{E4C97468-E1C6-4D64-975A-0A6E4A533017}"
EndProject
Project("{FAE04EC0-301F-11D3-BF4B-00C04F79EFBC}") = "Angular", "Angular\Angular.csproj", "{DC070032-1CE8-4904-BA7E-4BF48312E339}"
EndProject
Global
	GlobalSection(SolutionConfigurationPlatforms) = preSolution
		Debug|Any CPU = Debug|Any CPU
		Release|Any CPU = Release|Any CPU
	EndGlobalSection
	GlobalSection(ProjectConfigurationPlatforms) = postSolution
		{785A2790-1736-4762-BF3F-CD187640DB5D}.Debug|Any CPU.ActiveCfg = Debug|Any CPU
		{785A2790-1736-4762-BF3F-CD187640DB5D}.Debug|Any CPU.Build.0 = Debug|Any CPU
		{785A2790-1736-4762-BF3F-CD187640DB5D}.Release|Any CPU.ActiveCfg = Release|Any CPU
		{785A2790-1736-4762-BF3F-CD187640DB5D}.Release|Any CPU.Build.0 = Release|Any CPU
		{E4C97468-E1C6-4D64-975A-0A6E4A533017}.Debug|Any CPU.ActiveCfg = Debug|Any CPU
		{E4C97468-E1C6-4D64-975A-0A6E4A533017}.Debug|Any CPU.Build.0 = Debug|Any CPU
		{E4C97468-E1C6-4D64-975A-0A6E4A533017}.Release|Any CPU.ActiveCfg = Release|Any CPU
		{E4C97468-E1C6-4D64-975A-0A6E4A533017}.Release|Any CPU.Build.0 = Release|Any CPU
		{DC070032-1CE8-4904-BA7E-4BF48312E339}.Debug|Any CPU.ActiveCfg = Debug|Any CPU
		{DC070032-1CE8-4904-BA7E-4BF48312E339}.Debug|Any CPU.Build.0 = Debug|Any CPU
		{DC070032-1CE8-4904-BA7E-4BF48312E339}.Release|Any CPU.ActiveCfg = Release|Any CPU
		{DC070032-1CE8-4904-BA7E-4BF48312E339}.Release|Any CPU.Build.0 = Release|Any CPU
	EndGlobalSection
	GlobalSection(SolutionProperties) = preSolution
		HideSolutionNode = FALSE
	EndGlobalSection
EndGlobal
